// !$*UTF8*$!
{
	archiveVersion = 1;
	classes = {
	};
	objectVersion = 46;
	objects = {

/* Begin PBXBuildFile section */
		7E300FDD1E55828600C62608 /* AppDelegate.swift in Sources */ = {isa = PBXBuildFile; fileRef = 7E300FDC1E55828600C62608 /* AppDelegate.swift */; };
		7E300FDF1E55828600C62608 /* ViewController.swift in Sources */ = {isa = PBXBuildFile; fileRef = 7E300FDE1E55828600C62608 /* ViewController.swift */; };
		7E300FE21E55828600C62608 /* Main.storyboard in Resources */ = {isa = PBXBuildFile; fileRef = 7E300FE01E55828600C62608 /* Main.storyboard */; };
		7E300FE41E55828600C62608 /* Assets.xcassets in Resources */ = {isa = PBXBuildFile; fileRef = 7E300FE31E55828600C62608 /* Assets.xcassets */; };
		7E300FE71E55828600C62608 /* LaunchScreen.storyboard in Resources */ = {isa = PBXBuildFile; fileRef = 7E300FE51E55828600C62608 /* LaunchScreen.storyboard */; };
/* End PBXBuildFile section */

/* Begin PBXFileReference section */
		7E300FD91E55828600C62608 /* FirebaseSignUp.app */ = {isa = PBXFileReference; explicitFileType = wrapper.application; includeInIndex = 0; path = FirebaseSignUp.app; sourceTree = BUILT_PRODUCTS_DIR; };
		7E300FDC1E55828600C62608 /* AppDelegate.swift */ = {isa = PBXFileReference; lastKnownFileType = sourcecode.swift; path = AppDelegate.swift; sourceTree = "<group>"; };
		7E300FDE1E55828600C62608 /* ViewController.swift */ = {isa = PBXFileReference; lastKnownFileType = sourcecode.swift; path = ViewController.swift; sourceTree = "<group>"; };
		7E300FE11E55828600C62608 /* Base */ = {isa = PBXFileReference; lastKnownFileType = file.storyboard; name = Base; path = Base.lproj/Main.storyboard; sourceTree = "<group>"; };
		7E300FE31E55828600C62608 /* Assets.xcassets */ = {isa = PBXFileReference; lastKnownFileType = folder.assetcatalog; path = Assets.xcassets; sourceTree = "<group>"; };
		7E300FE61E55828600C62608 /* Base */ = {isa = PBXFileReference; lastKnownFileType = file.storyboard; name = Base; path = Base.lproj/LaunchScreen.storyboard; sourceTree = "<group>"; };
		7E300FE81E55828600C62608 /* Info.plist */ = {isa = PBXFileReference; lastKnownFileType = text.plist.xml; path = Info.plist; sourceTree = "<group>"; };
/* End PBXFileReference section */

/* Begin PBXFrameworksBuildPhase section */
		7E300FD61E55828600C62608 /* Frameworks */ = {
			isa = PBXFrameworksBuildPhase;
			buildActionMask = 2147483647;
			files = (
			);
			runOnlyForDeploymentPostprocessing = 0;
		};
/* End PBXFrameworksBuildPhase section */

/* Begin PBXGroup section */
		7E300FD01E55828600C62608 = {
			isa = PBXGroup;
			children = (
				7E300FDB1E55828600C62608 /* FirebaseSignUp */,
				7E300FDA1E55828600C62608 /* Products */,
			);
			sourceTree = "<group>";
		};
		7E300FDA1E55828600C62608 /* Products */ = {
			isa = PBXGroup;
			children = (
				7E300FD91E55828600C62608 /* FirebaseSignUp.app */,
			);
			name = Products;
			sourceTree = "<group>";
		};
		7E300FDB1E55828600C62608 /* FirebaseSignUp */ = {
			isa = PBXGroup;
			children = (
				7E300FDC1E55828600C62608 /* AppDelegate.swift */,
				7E300FDE1E55828600C62608 /* ViewController.swift */,
				7E300FE01E55828600C62608 /* Main.storyboard */,
				7E300FE31E55828600C62608 /* Assets.xcassets */,
				7E300FE51E55828600C62608 /* LaunchScreen.storyboard */,
				7E300FE81E55828600C62608 /* Info.plist */,
			);
			path = FirebaseSignUp;
			sourceTree = "<group>";
		};
/* End PBXGroup section */

/* Begin PBXNativeTarget section */
		7E300FD81E55828600C62608 /* FirebaseSignUp */ = {
			isa = PBXNativeTarget;
			buildConfigurationList = 7E300FEB1E55828600C62608 /* Build configuration list for PBXNativeTarget "FirebaseSignUp" */;
			buildPhases = (
				7E300FD51E55828600C62608 /* Sources */,
				7E300FD61E55828600C62608 /* Frameworks */,
				7E300FD71E55828600C62608 /* Resources */,
			);
			buildRules = (
			);
			dependencies = (
			);
			name = FirebaseSignUp;
			productName = FirebaseSignUp;
			productReference = 7E300FD91E55828600C62608 /* FirebaseSignUp.app */;
			productType = "com.apple.product-type.application";
		};
/* End PBXNativeTarget section */

/* Begin PBXProject section */
		7E300FD11E55828600C62608 /* Project object */ = {
			isa = PBXProject;
			attributes = {
				LastSwiftUpdateCheck = 0810;
				LastUpgradeCheck = 0810;
				ORGANIZATIONNAME = "홍창남";
				TargetAttributes = {
					7E300FD81E55828600C62608 = {
						CreatedOnToolsVersion = 8.1;
						DevelopmentTeam = W6XUQ3PPN9;
						ProvisioningStyle = Automatic;
					};
				};
			};
			buildConfigurationList = 7E300FD41E55828600C62608 /* Build configuration list for PBXProject "FirebaseSignUp" */;
			compatibilityVersion = "Xcode 3.2";
			developmentRegion = English;
			hasScannedForEncodings = 0;
			knownRegions = (
				en,
				Base,
			);
			mainGroup = 7E300FD01E55828600C62608;
			productRefGroup = 7E300FDA1E55828600C62608 /* Products */;
			projectDirPath = "";
			projectRoot = "";
			targets = (
				7E300FD81E55828600C62608 /* FirebaseSignUp */,
			);
		};
/* End PBXProject section */

/* Begin PBXResourcesBuildPhase section */
		7E300FD71E55828600C62608 /* Resources */ = {
			isa = PBXResourcesBuildPhase;
			buildActionMask = 2147483647;
			files = (
				7E300FE71E55828600C62608 /* LaunchScreen.storyboard in Resources */,
				7E300FE41E55828600C62608 /* Assets.xcassets in Resources */,
				7E300FE21E55828600C62608 /* Main.storyboard in Resources */,
			);
			runOnlyForDeploymentPostprocessing = 0;
		};
/* End PBXResourcesBuildPhase section */

/* Begin PBXSourcesBuildPhase section */
		7E300FD51E55828600C62608 /* Sources */ = {
			isa = PBXSourcesBuildPhase;
			buildActionMask = 2147483647;
			files = (
				7E300FDF1E55828600C62608 /* ViewController.swift in Sources */,
				7E300FDD1E55828600C62608 /* AppDelegate.swift in Sources */,
			);
			runOnlyForDeploymentPostprocessing = 0;
		};
/* End PBXSourcesBuildPhase section */

/* Begin PBXVariantGroup section */
		7E300FE01E55828600C62608 /* Main.storyboard */ = {
			isa = PBXVariantGroup;
			children = (
				7E300FE11E55828600C62608 /* Base */,
			);
			name = Main.storyboard;
			sourceTree = "<group>";
		};
		7E300FE51E55828600C62608 /* LaunchScreen.storyboard */ = {
			isa = PBXVariantGroup;
			children = (
				7E300FE61E55828600C62608 /* Base */,
			);
			name = LaunchScreen.storyboard;
			sourceTree = "<group>";
		};
/* End PBXVariantGroup section */

/* Begin XCBuildConfiguration section */
		7E300FE91E55828600C62608 /* Debug */ = {
			isa = XCBuildConfiguration;
			buildSettings = {
				ALWAYS_SEARCH_USER_PATHS = NO;
				CLANG_ANALYZER_NONNULL = YES;
				CLANG_CXX_LANGUAGE_STANDARD = "gnu++0x";
				CLANG_CXX_LIBRARY = "libc++";
				CLANG_ENABLE_MODULES = YES;
				CLANG_ENABLE_OBJC_ARC = YES;
				CLANG_WARN_BOOL_CONVERSION = YES;
				CLANG_WARN_CONSTANT_CONVERSION = YES;
				CLANG_WARN_DIRECT_OBJC_ISA_USAGE = YES_ERROR;
				CLANG_WARN_DOCUMENTATION_COMMENTS = YES;
				CLANG_WARN_EMPTY_BODY = YES;
				CLANG_WARN_ENUM_CONVERSION = YES;
				CLANG_WARN_INFINITE_RECURSION = YES;
				CLANG_WARN_INT_CONVERSION = YES;
				CLANG_WARN_OBJC_ROOT_CLASS = YES_ERROR;
				CLANG_WARN_SUSPICIOUS_MOVES = YES;
				CLANG_WARN_UNREACHABLE_CODE = YES;
				CLANG_WARN__DUPLICATE_METHOD_MATCH = YES;
				"CODE_SIGN_IDENTITY[sdk=iphoneos*]" = "iPhone Developer";
				COPY_PHASE_STRIP = NO;
				DEBUG_INFORMATION_FORMAT = dwarf;
				ENABLE_STRICT_OBJC_MSGSEND = YES;
				ENABLE_TESTABILITY = YES;
				GCC_C_LANGUAGE_STANDARD = gnu99;
				GCC_DYNAMIC_NO_PIC = NO;
				GCC_NO_COMMON_BLOCKS = YES;
				GCC_OPTIMIZATION_LEVEL = 0;
				GCC_PREPROCESSOR_DEFINITIONS = (
					"DEBUG=1",
					"$(inherited)",
				);
				GCC_WARN_64_TO_32_BIT_CONVERSION = YES;
				GCC_WARN_ABOUT_RETURN_TYPE = YES_ERROR;
				GCC_WARN_UNDECLARED_SELECTOR = YES;
				GCC_WARN_UNINITIALIZED_AUTOS = YES_AGGRESSIVE;
				GCC_WARN_UNUSED_FUNCTION = YES;
				GCC_WARN_UNUSED_VARIABLE = YES;
				IPHONEOS_DEPLOYMENT_TARGET = 10.1;
				MTL_ENABLE_DEBUG_INFO = YES;
				ONLY_ACTIVE_ARCH = YES;
				SDKROOT = iphoneos;
				SWIFT_ACTIVE_COMPILATION_CONDITIONS = DEBUG;
				SWIFT_OPTIMIZATION_LEVEL = "-Onone";
				TARGETED_DEVICE_FAMILY = "1,2";
			};
			name = Debug;
		};
		7E300FEA1E55828600C62608 /* Release */ = {
			isa = XCBuildConfiguration;
			buildSettings = {
				ALWAYS_SEARCH_USER_PATHS = NO;
				CLANG_ANALYZER_NONNULL = YES;
				CLANG_CXX_LANGUAGE_STANDARD = "gnu++0x";
				CLANG_CXX_LIBRARY = "libc++";
				CLANG_ENABLE_MODULES = YES;
				CLANG_ENABLE_OBJC_ARC = YES;
				CLANG_WARN_BOOL_CONVERSION = YES;
				CLANG_WARN_CONSTANT_CONVERSION = YES;
				CLANG_WARN_DIRECT_OBJC_ISA_USAGE = YES_ERROR;
				CLANG_WARN_DOCUMENTATION_COMMENTS = YES;
				CLANG_WARN_EMPTY_BODY = YES;
				CLANG_WARN_ENUM_CONVERSION = YES;
				CLANG_WARN_INFINITE_RECURSION = YES;
				CLANG_WARN_INT_CONVERSION = YES;
				CLANG_WARN_OBJC_ROOT_CLASS = YES_ERROR;
				CLANG_WARN_SUSPICIOUS_MOVES = YES;
				CLANG_WARN_UNREACHABLE_CODE = YES;
				CLANG_WARN__DUPLICATE_METHOD_MATCH = YES;
				"CODE_SIGN_IDENTITY[sdk=iphoneos*]" = "iPhone Developer";
				COPY_PHASE_STRIP = NO;
				DEBUG_INFORMATION_FORMAT = "dwarf-with-dsym";
				ENABLE_NS_ASSERTIONS = NO;
				ENABLE_STRICT_OBJC_MSGSEND = YES;
				GCC_C_LANGUAGE_STANDARD = gnu99;
				GCC_NO_COMMON_BLOCKS = YES;
				GCC_WARN_64_TO_32_BIT_CONVERSION = YES;
				GCC_WARN_ABOUT_RETURN_TYPE = YES_ERROR;
				GCC_WARN_UNDECLARED_SELECTOR = YES;
				GCC_WARN_UNINITIALIZED_AUTOS = YES_AGGRESSIVE;
				GCC_WARN_UNUSED_FUNCTION = YES;
				GCC_WARN_UNUSED_VARIABLE = YES;
				IPHONEOS_DEPLOYMENT_TARGET = 10.1;
				MTL_ENABLE_DEBUG_INFO = NO;
				SDKROOT = iphoneos;
				SWIFT_OPTIMIZATION_LEVEL = "-Owholemodule";
				TARGETED_DEVICE_FAMILY = "1,2";
				VALIDATE_PRODUCT = YES;
			};
			name = Release;
		};
		7E300FEC1E55828600C62608 /* Debug */ = {
			isa = XCBuildConfiguration;
			buildSettings = {
				ASSETCATALOG_COMPILER_APPICON_NAME = AppIcon;
				DEVELOPMENT_TEAM = W6XUQ3PPN9;
				INFOPLIST_FILE = FirebaseSignUp/Info.plist;
				LD_RUNPATH_SEARCH_PATHS = "$(inherited) @executable_path/Frameworks";
				PRODUCT_BUNDLE_IDENTIFIER = com.hcn1519.FirebaseSignUp;
				PRODUCT_NAME = "$(TARGET_NAME)";
				SWIFT_VERSION = 3.0;
			};
			name = Debug;
		};
		7E300FED1E55828600C62608 /* Release */ = {
			isa = XCBuildConfiguration;
			buildSettings = {
				ASSETCATALOG_COMPILER_APPICON_NAME = AppIcon;
				DEVELOPMENT_TEAM = W6XUQ3PPN9;
				INFOPLIST_FILE = FirebaseSignUp/Info.plist;
				LD_RUNPATH_SEARCH_PATHS = "$(inherited) @executable_path/Frameworks";
				PRODUCT_BUNDLE_IDENTIFIER = com.hcn1519.FirebaseSignUp;
				PRODUCT_NAME = "$(TARGET_NAME)";
				SWIFT_VERSION = 3.0;
			};
			name = Release;
		};
/* End XCBuildConfiguration section */

/* Begin XCConfigurationList section */
		7E300FD41E55828600C62608 /* Build configuration list for PBXProject "FirebaseSignUp" */ = {
			isa = XCConfigurationList;
			buildConfigurations = (
				7E300FE91E55828600C62608 /* Debug */,
				7E300FEA1E55828600C62608 /* Release */,
			);
			defaultConfigurationIsVisible = 0;
			defaultConfigurationName = Release;
		};
		7E300FEB1E55828600C62608 /* Build configuration list for PBXNativeTarget "FirebaseSignUp" */ = {
			isa = XCConfigurationList;
			buildConfigurations = (
				7E300FEC1E55828600C62608 /* Debug */,
				7E300FED1E55828600C62608 /* Release */,
			);
			defaultConfigurationIsVisible = 0;
		};
/* End XCConfigurationList section */
	};
	rootObject = 7E300FD11E55828600C62608 /* Project object */;
}
